// !$*UTF8*$!
{
	archiveVersion = 1;
	classes = {
	};
	objectVersion = 50;
	objects = {

/* Begin PBXBuildFile section */
		0D04809D2284696B000A2399 /* AppDelegate.swift in Sources */ = {isa = PBXBuildFile; fileRef = 0D04809C2284696B000A2399 /* AppDelegate.swift */; };
		0D04809F2284696B000A2399 /* ViewController.swift in Sources */ = {isa = PBXBuildFile; fileRef = 0D04809E2284696B000A2399 /* ViewController.swift */; };
		0D0480A22284696B000A2399 /* Main.storyboard in Resources */ = {isa = PBXBuildFile; fileRef = 0D0480A02284696B000A2399 /* Main.storyboard */; };
		0D0480A42284696B000A2399 /* Assets.xcassets in Resources */ = {isa = PBXBuildFile; fileRef = 0D0480A32284696B000A2399 /* Assets.xcassets */; };
		0D0480A72284696B000A2399 /* LaunchScreen.storyboard in Resources */ = {isa = PBXBuildFile; fileRef = 0D0480A52284696B000A2399 /* LaunchScreen.storyboard */; };
		0D0480AC2284696C000A2399 /* Watchill WatchKit App.app in Embed Watch Content */ = {isa = PBXBuildFile; fileRef = 0D0480AB2284696C000A2399 /* Watchill WatchKit App.app */; };
		0D0480B22284696C000A2399 /* Interface.storyboard in Resources */ = {isa = PBXBuildFile; fileRef = 0D0480B02284696C000A2399 /* Interface.storyboard */; };
		0D0480B42284696C000A2399 /* Assets.xcassets in Resources */ = {isa = PBXBuildFile; fileRef = 0D0480B32284696C000A2399 /* Assets.xcassets */; };
		0D0480BB2284696C000A2399 /* Watchill WatchKit Extension.appex in Embed App Extensions */ = {isa = PBXBuildFile; fileRef = 0D0480BA2284696C000A2399 /* Watchill WatchKit Extension.appex */; settings = {ATTRIBUTES = (RemoveHeadersOnCopy, ); }; };
		0D0480C02284696C000A2399 /* InterfaceController.swift in Sources */ = {isa = PBXBuildFile; fileRef = 0D0480BF2284696C000A2399 /* InterfaceController.swift */; };
		0D0480C22284696C000A2399 /* ExtensionDelegate.swift in Sources */ = {isa = PBXBuildFile; fileRef = 0D0480C12284696C000A2399 /* ExtensionDelegate.swift */; };
		0D0480C42284696D000A2399 /* Assets.xcassets in Resources */ = {isa = PBXBuildFile; fileRef = 0D0480C32284696D000A2399 /* Assets.xcassets */; };
		E83131A9228DB2660046542F /* Icons in Resources */ = {isa = PBXBuildFile; fileRef = E83131A8228DB2660046542F /* Icons */; };
/* End PBXBuildFile section */

/* Begin PBXContainerItemProxy section */
		0D0480AD2284696C000A2399 /* PBXContainerItemProxy */ = {
			isa = PBXContainerItemProxy;
			containerPortal = 0D0480912284696B000A2399 /* Project object */;
			proxyType = 1;
			remoteGlobalIDString = 0D0480AA2284696C000A2399;
			remoteInfo = "Watchill WatchKit App";
		};
		0D0480BC2284696C000A2399 /* PBXContainerItemProxy */ = {
			isa = PBXContainerItemProxy;
			containerPortal = 0D0480912284696B000A2399 /* Project object */;
			proxyType = 1;
			remoteGlobalIDString = 0D0480B92284696C000A2399;
			remoteInfo = "Watchill WatchKit Extension";
		};
/* End PBXContainerItemProxy section */

/* Begin PBXCopyFilesBuildPhase section */
		0D0480CB2284696D000A2399 /* Embed App Extensions */ = {
			isa = PBXCopyFilesBuildPhase;
			buildActionMask = 2147483647;
			dstPath = "";
			dstSubfolderSpec = 13;
			files = (
				0D0480BB2284696C000A2399 /* Watchill WatchKit Extension.appex in Embed App Extensions */,
			);
			name = "Embed App Extensions";
			runOnlyForDeploymentPostprocessing = 0;
		};
		0D0480CF2284696D000A2399 /* Embed Watch Content */ = {
			isa = PBXCopyFilesBuildPhase;
			buildActionMask = 2147483647;
			dstPath = "$(CONTENTS_FOLDER_PATH)/Watch";
			dstSubfolderSpec = 16;
			files = (
				0D0480AC2284696C000A2399 /* Watchill WatchKit App.app in Embed Watch Content */,
			);
			name = "Embed Watch Content";
			runOnlyForDeploymentPostprocessing = 0;
		};
/* End PBXCopyFilesBuildPhase section */

/* Begin PBXFileReference section */
		0D0480992284696B000A2399 /* Watchill.app */ = {isa = PBXFileReference; explicitFileType = wrapper.application; includeInIndex = 0; path = Watchill.app; sourceTree = BUILT_PRODUCTS_DIR; };
		0D04809C2284696B000A2399 /* AppDelegate.swift */ = {isa = PBXFileReference; lastKnownFileType = sourcecode.swift; path = AppDelegate.swift; sourceTree = "<group>"; };
		0D04809E2284696B000A2399 /* ViewController.swift */ = {isa = PBXFileReference; lastKnownFileType = sourcecode.swift; path = ViewController.swift; sourceTree = "<group>"; };
		0D0480A12284696B000A2399 /* Base */ = {isa = PBXFileReference; lastKnownFileType = file.storyboard; name = Base; path = Base.lproj/Main.storyboard; sourceTree = "<group>"; };
		0D0480A32284696B000A2399 /* Assets.xcassets */ = {isa = PBXFileReference; lastKnownFileType = folder.assetcatalog; path = Assets.xcassets; sourceTree = "<group>"; };
		0D0480A62284696B000A2399 /* Base */ = {isa = PBXFileReference; lastKnownFileType = file.storyboard; name = Base; path = Base.lproj/LaunchScreen.storyboard; sourceTree = "<group>"; };
		0D0480A82284696B000A2399 /* Info.plist */ = {isa = PBXFileReference; lastKnownFileType = text.plist.xml; path = Info.plist; sourceTree = "<group>"; };
		0D0480AB2284696C000A2399 /* Watchill WatchKit App.app */ = {isa = PBXFileReference; explicitFileType = wrapper.application; includeInIndex = 0; path = "Watchill WatchKit App.app"; sourceTree = BUILT_PRODUCTS_DIR; };
		0D0480B12284696C000A2399 /* Base */ = {isa = PBXFileReference; lastKnownFileType = file.storyboard; name = Base; path = Base.lproj/Interface.storyboard; sourceTree = "<group>"; };
		0D0480B32284696C000A2399 /* Assets.xcassets */ = {isa = PBXFileReference; lastKnownFileType = folder.assetcatalog; path = Assets.xcassets; sourceTree = "<group>"; };
		0D0480B52284696C000A2399 /* Info.plist */ = {isa = PBXFileReference; lastKnownFileType = text.plist.xml; path = Info.plist; sourceTree = "<group>"; };
		0D0480BA2284696C000A2399 /* Watchill WatchKit Extension.appex */ = {isa = PBXFileReference; explicitFileType = "wrapper.app-extension"; includeInIndex = 0; path = "Watchill WatchKit Extension.appex"; sourceTree = BUILT_PRODUCTS_DIR; };
		0D0480BF2284696C000A2399 /* InterfaceController.swift */ = {isa = PBXFileReference; lastKnownFileType = sourcecode.swift; path = InterfaceController.swift; sourceTree = "<group>"; };
		0D0480C12284696C000A2399 /* ExtensionDelegate.swift */ = {isa = PBXFileReference; lastKnownFileType = sourcecode.swift; path = ExtensionDelegate.swift; sourceTree = "<group>"; };
		0D0480C32284696D000A2399 /* Assets.xcassets */ = {isa = PBXFileReference; lastKnownFileType = folder.assetcatalog; path = Assets.xcassets; sourceTree = "<group>"; };
		0D0480C52284696D000A2399 /* Info.plist */ = {isa = PBXFileReference; lastKnownFileType = text.plist.xml; path = Info.plist; sourceTree = "<group>"; };
		E83131A8228DB2660046542F /* Icons */ = {isa = PBXFileReference; lastKnownFileType = folder; name = Icons; path = ../../../../Downloads/Icons; sourceTree = "<group>"; };
/* End PBXFileReference section */

/* Begin PBXFrameworksBuildPhase section */
		0D0480962284696B000A2399 /* Frameworks */ = {
			isa = PBXFrameworksBuildPhase;
			buildActionMask = 2147483647;
			files = (
			);
			runOnlyForDeploymentPostprocessing = 0;
		};
		0D0480B72284696C000A2399 /* Frameworks */ = {
			isa = PBXFrameworksBuildPhase;
			buildActionMask = 2147483647;
			files = (
			);
			runOnlyForDeploymentPostprocessing = 0;
		};
/* End PBXFrameworksBuildPhase section */

/* Begin PBXGroup section */
		0D0480902284696A000A2399 = {
			isa = PBXGroup;
			children = (
				0D04809B2284696B000A2399 /* Watchill */,
				0D0480AF2284696C000A2399 /* Watchill WatchKit App */,
				0D0480BE2284696C000A2399 /* Watchill WatchKit Extension */,
				0D04809A2284696B000A2399 /* Products */,
			);
			sourceTree = "<group>";
		};
		0D04809A2284696B000A2399 /* Products */ = {
			isa = PBXGroup;
			children = (
				0D0480992284696B000A2399 /* Watchill.app */,
				0D0480AB2284696C000A2399 /* Watchill WatchKit App.app */,
				0D0480BA2284696C000A2399 /* Watchill WatchKit Extension.appex */,
			);
			name = Products;
			sourceTree = "<group>";
		};
		0D04809B2284696B000A2399 /* Watchill */ = {
			isa = PBXGroup;
			children = (
				0D04809C2284696B000A2399 /* AppDelegate.swift */,
				0D04809E2284696B000A2399 /* ViewController.swift */,
				0D0480A02284696B000A2399 /* Main.storyboard */,
				0D0480A32284696B000A2399 /* Assets.xcassets */,
				0D0480A52284696B000A2399 /* LaunchScreen.storyboard */,
				0D0480A82284696B000A2399 /* Info.plist */,
				E83131A8228DB2660046542F /* Icons */,
			);
			path = Watchill;
			sourceTree = "<group>";
		};
		0D0480AF2284696C000A2399 /* Watchill WatchKit App */ = {
			isa = PBXGroup;
			children = (
				0D0480B02284696C000A2399 /* Interface.storyboard */,
				0D0480B32284696C000A2399 /* Assets.xcassets */,
				0D0480B52284696C000A2399 /* Info.plist */,
			);
			path = "Watchill WatchKit App";
			sourceTree = "<group>";
		};
		0D0480BE2284696C000A2399 /* Watchill WatchKit Extension */ = {
			isa = PBXGroup;
			children = (
				0D0480BF2284696C000A2399 /* InterfaceController.swift */,
				0D0480C12284696C000A2399 /* ExtensionDelegate.swift */,
				0D0480C32284696D000A2399 /* Assets.xcassets */,
				0D0480C52284696D000A2399 /* Info.plist */,
			);
			path = "Watchill WatchKit Extension";
			sourceTree = "<group>";
		};
/* End PBXGroup section */

/* Begin PBXNativeTarget section */
		0D0480982284696B000A2399 /* Watchill */ = {
			isa = PBXNativeTarget;
			buildConfigurationList = 0D0480D02284696D000A2399 /* Build configuration list for PBXNativeTarget "Watchill" */;
			buildPhases = (
				0D0480952284696B000A2399 /* Sources */,
				0D0480962284696B000A2399 /* Frameworks */,
				0D0480972284696B000A2399 /* Resources */,
				0D0480CF2284696D000A2399 /* Embed Watch Content */,
			);
			buildRules = (
			);
			dependencies = (
				0D0480AE2284696C000A2399 /* PBXTargetDependency */,
			);
			name = Watchill;
			productName = Watchill;
			productReference = 0D0480992284696B000A2399 /* Watchill.app */;
			productType = "com.apple.product-type.application";
		};
		0D0480AA2284696C000A2399 /* Watchill WatchKit App */ = {
			isa = PBXNativeTarget;
			buildConfigurationList = 0D0480CC2284696D000A2399 /* Build configuration list for PBXNativeTarget "Watchill WatchKit App" */;
			buildPhases = (
				0D0480A92284696C000A2399 /* Resources */,
				0D0480CB2284696D000A2399 /* Embed App Extensions */,
			);
			buildRules = (
			);
			dependencies = (
				0D0480BD2284696C000A2399 /* PBXTargetDependency */,
			);
			name = "Watchill WatchKit App";
			productName = "Watchill WatchKit App";
			productReference = 0D0480AB2284696C000A2399 /* Watchill WatchKit App.app */;
			productType = "com.apple.product-type.application.watchapp2";
		};
		0D0480B92284696C000A2399 /* Watchill WatchKit Extension */ = {
			isa = PBXNativeTarget;
			buildConfigurationList = 0D0480C82284696D000A2399 /* Build configuration list for PBXNativeTarget "Watchill WatchKit Extension" */;
			buildPhases = (
				0D0480B62284696C000A2399 /* Sources */,
				0D0480B72284696C000A2399 /* Frameworks */,
				0D0480B82284696C000A2399 /* Resources */,
			);
			buildRules = (
			);
			dependencies = (
			);
			name = "Watchill WatchKit Extension";
			productName = "Watchill WatchKit Extension";
			productReference = 0D0480BA2284696C000A2399 /* Watchill WatchKit Extension.appex */;
			productType = "com.apple.product-type.watchkit2-extension";
		};
/* End PBXNativeTarget section */

/* Begin PBXProject section */
		0D0480912284696B000A2399 /* Project object */ = {
			isa = PBXProject;
			attributes = {
				LastSwiftUpdateCheck = 1010;
				LastUpgradeCheck = 1010;
				ORGANIZATIONNAME = "Danilo da Rocha Lira Araujo";
				TargetAttributes = {
					0D0480982284696B000A2399 = {
						CreatedOnToolsVersion = 10.1;
					};
					0D0480AA2284696C000A2399 = {
						CreatedOnToolsVersion = 10.1;
					};
					0D0480B92284696C000A2399 = {
						CreatedOnToolsVersion = 10.1;
					};
				};
			};
			buildConfigurationList = 0D0480942284696B000A2399 /* Build configuration list for PBXProject "Watchill" */;
			compatibilityVersion = "Xcode 9.3";
			developmentRegion = en;
			hasScannedForEncodings = 0;
			knownRegions = (
				en,
				Base,
			);
			mainGroup = 0D0480902284696A000A2399;
			productRefGroup = 0D04809A2284696B000A2399 /* Products */;
			projectDirPath = "";
			projectRoot = "";
			targets = (
				0D0480982284696B000A2399 /* Watchill */,
				0D0480AA2284696C000A2399 /* Watchill WatchKit App */,
				0D0480B92284696C000A2399 /* Watchill WatchKit Extension */,
			);
		};
/* End PBXProject section */

/* Begin PBXResourcesBuildPhase section */
		0D0480972284696B000A2399 /* Resources */ = {
			isa = PBXResourcesBuildPhase;
			buildActionMask = 2147483647;
			files = (
				0D0480A72284696B000A2399 /* LaunchScreen.storyboard in Resources */,
				E83131A9228DB2660046542F /* Icons in Resources */,
				0D0480A42284696B000A2399 /* Assets.xcassets in Resources */,
				0D0480A22284696B000A2399 /* Main.storyboard in Resources */,
			);
			runOnlyForDeploymentPostprocessing = 0;
		};
		0D0480A92284696C000A2399 /* Resources */ = {
			isa = PBXResourcesBuildPhase;
			buildActionMask = 2147483647;
			files = (
				0D0480B42284696C000A2399 /* Assets.xcassets in Resources */,
				0D0480B22284696C000A2399 /* Interface.storyboard in Resources */,
			);
			runOnlyForDeploymentPostprocessing = 0;
		};
		0D0480B82284696C000A2399 /* Resources */ = {
			isa = PBXResourcesBuildPhase;
			buildActionMask = 2147483647;
			files = (
				0D0480C42284696D000A2399 /* Assets.xcassets in Resources */,
			);
			runOnlyForDeploymentPostprocessing = 0;
		};
/* End PBXResourcesBuildPhase section */

/* Begin PBXSourcesBuildPhase section */
		0D0480952284696B000A2399 /* Sources */ = {
			isa = PBXSourcesBuildPhase;
			buildActionMask = 2147483647;
			files = (
				0D04809F2284696B000A2399 /* ViewController.swift in Sources */,
				0D04809D2284696B000A2399 /* AppDelegate.swift in Sources */,
			);
			runOnlyForDeploymentPostprocessing = 0;
		};
		0D0480B62284696C000A2399 /* Sources */ = {
			isa = PBXSourcesBuildPhase;
			buildActionMask = 2147483647;
			files = (
				0D0480C22284696C000A2399 /* ExtensionDelegate.swift in Sources */,
				0D0480C02284696C000A2399 /* InterfaceController.swift in Sources */,
			);
			runOnlyForDeploymentPostprocessing = 0;
		};
/* End PBXSourcesBuildPhase section */

/* Begin PBXTargetDependency section */
		0D0480AE2284696C000A2399 /* PBXTargetDependency */ = {
			isa = PBXTargetDependency;
			target = 0D0480AA2284696C000A2399 /* Watchill WatchKit App */;
			targetProxy = 0D0480AD2284696C000A2399 /* PBXContainerItemProxy */;
		};
		0D0480BD2284696C000A2399 /* PBXTargetDependency */ = {
			isa = PBXTargetDependency;
			target = 0D0480B92284696C000A2399 /* Watchill WatchKit Extension */;
			targetProxy = 0D0480BC2284696C000A2399 /* PBXContainerItemProxy */;
		};
/* End PBXTargetDependency section */

/* Begin PBXVariantGroup section */
		0D0480A02284696B000A2399 /* Main.storyboard */ = {
			isa = PBXVariantGroup;
			children = (
				0D0480A12284696B000A2399 /* Base */,
			);
			name = Main.storyboard;
			sourceTree = "<group>";
		};
		0D0480A52284696B000A2399 /* LaunchScreen.storyboard */ = {
			isa = PBXVariantGroup;
			children = (
				0D0480A62284696B000A2399 /* Base */,
			);
			name = LaunchScreen.storyboard;
			sourceTree = "<group>";
		};
		0D0480B02284696C000A2399 /* Interface.storyboard */ = {
			isa = PBXVariantGroup;
			children = (
				0D0480B12284696C000A2399 /* Base */,
			);
			name = Interface.storyboard;
			sourceTree = "<group>";
		};
/* End PBXVariantGroup section */

/* Begin XCBuildConfiguration section */
		0D0480C62284696D000A2399 /* Debug */ = {
			isa = XCBuildConfiguration;
			buildSettings = {
				ALWAYS_SEARCH_USER_PATHS = NO;
				CLANG_ANALYZER_NONNULL = YES;
				CLANG_ANALYZER_NUMBER_OBJECT_CONVERSION = YES_AGGRESSIVE;
				CLANG_CXX_LANGUAGE_STANDARD = "gnu++14";
				CLANG_CXX_LIBRARY = "libc++";
				CLANG_ENABLE_MODULES = YES;
				CLANG_ENABLE_OBJC_ARC = YES;
				CLANG_ENABLE_OBJC_WEAK = YES;
				CLANG_WARN_BLOCK_CAPTURE_AUTORELEASING = YES;
				CLANG_WARN_BOOL_CONVERSION = YES;
				CLANG_WARN_COMMA = YES;
				CLANG_WARN_CONSTANT_CONVERSION = YES;
				CLANG_WARN_DEPRECATED_OBJC_IMPLEMENTATIONS = YES;
				CLANG_WARN_DIRECT_OBJC_ISA_USAGE = YES_ERROR;
				CLANG_WARN_DOCUMENTATION_COMMENTS = YES;
				CLANG_WARN_EMPTY_BODY = YES;
				CLANG_WARN_ENUM_CONVERSION = YES;
				CLANG_WARN_INFINITE_RECURSION = YES;
				CLANG_WARN_INT_CONVERSION = YES;
				CLANG_WARN_NON_LITERAL_NULL_CONVERSION = YES;
				CLANG_WARN_OBJC_IMPLICIT_RETAIN_SELF = YES;
				CLANG_WARN_OBJC_LITERAL_CONVERSION = YES;
				CLANG_WARN_OBJC_ROOT_CLASS = YES_ERROR;
				CLANG_WARN_RANGE_LOOP_ANALYSIS = YES;
				CLANG_WARN_STRICT_PROTOTYPES = YES;
				CLANG_WARN_SUSPICIOUS_MOVE = YES;
				CLANG_WARN_UNGUARDED_AVAILABILITY = YES_AGGRESSIVE;
				CLANG_WARN_UNREACHABLE_CODE = YES;
				CLANG_WARN__DUPLICATE_METHOD_MATCH = YES;
				CODE_SIGN_IDENTITY = "iPhone Developer";
				COPY_PHASE_STRIP = NO;
				DEBUG_INFORMATION_FORMAT = dwarf;
				ENABLE_STRICT_OBJC_MSGSEND = YES;
				ENABLE_TESTABILITY = YES;
				GCC_C_LANGUAGE_STANDARD = gnu11;
				GCC_DYNAMIC_NO_PIC = NO;
				GCC_NO_COMMON_BLOCKS = YES;
				GCC_OPTIMIZATION_LEVEL = 0;
				GCC_PREPROCESSOR_DEFINITIONS = (
					"DEBUG=1",
					"$(inherited)",
				);
				GCC_WARN_64_TO_32_BIT_CONVERSION = YES;
				GCC_WARN_ABOUT_RETURN_TYPE = YES_ERROR;
				GCC_WARN_UNDECLARED_SELECTOR = YES;
				GCC_WARN_UNINITIALIZED_AUTOS = YES_AGGRESSIVE;
				GCC_WARN_UNUSED_FUNCTION = YES;
				GCC_WARN_UNUSED_VARIABLE = YES;
				IPHONEOS_DEPLOYMENT_TARGET = 12.1;
				MTL_ENABLE_DEBUG_INFO = INCLUDE_SOURCE;
				MTL_FAST_MATH = YES;
				ONLY_ACTIVE_ARCH = YES;
				SDKROOT = iphoneos;
				SWIFT_ACTIVE_COMPILATION_CONDITIONS = DEBUG;
				SWIFT_OPTIMIZATION_LEVEL = "-Onone";
			};
			name = Debug;
		};
		0D0480C72284696D000A2399 /* Release */ = {
			isa = XCBuildConfiguration;
			buildSettings = {
				ALWAYS_SEARCH_USER_PATHS = NO;
				CLANG_ANALYZER_NONNULL = YES;
				CLANG_ANALYZER_NUMBER_OBJECT_CONVERSION = YES_AGGRESSIVE;
				CLANG_CXX_LANGUAGE_STANDARD = "gnu++14";
				CLANG_CXX_LIBRARY = "libc++";
				CLANG_ENABLE_MODULES = YES;
				CLANG_ENABLE_OBJC_ARC = YES;
				CLANG_ENABLE_OBJC_WEAK = YES;
				CLANG_WARN_BLOCK_CAPTURE_AUTORELEASING = YES;
				CLANG_WARN_BOOL_CONVERSION = YES;
				CLANG_WARN_COMMA = YES;
				CLANG_WARN_CONSTANT_CONVERSION = YES;
				CLANG_WARN_DEPRECATED_OBJC_IMPLEMENTATIONS = YES;
				CLANG_WARN_DIRECT_OBJC_ISA_USAGE = YES_ERROR;
				CLANG_WARN_DOCUMENTATION_COMMENTS = YES;
				CLANG_WARN_EMPTY_BODY = YES;
				CLANG_WARN_ENUM_CONVERSION = YES;
				CLANG_WARN_INFINITE_RECURSION = YES;
				CLANG_WARN_INT_CONVERSION = YES;
				CLANG_WARN_NON_LITERAL_NULL_CONVERSION = YES;
				CLANG_WARN_OBJC_IMPLICIT_RETAIN_SELF = YES;
				CLANG_WARN_OBJC_LITERAL_CONVERSION = YES;
				CLANG_WARN_OBJC_ROOT_CLASS = YES_ERROR;
				CLANG_WARN_RANGE_LOOP_ANALYSIS = YES;
				CLANG_WARN_STRICT_PROTOTYPES = YES;
				CLANG_WARN_SUSPICIOUS_MOVE = YES;
				CLANG_WARN_UNGUARDED_AVAILABILITY = YES_AGGRESSIVE;
				CLANG_WARN_UNREACHABLE_CODE = YES;
				CLANG_WARN__DUPLICATE_METHOD_MATCH = YES;
				CODE_SIGN_IDENTITY = "iPhone Developer";
				COPY_PHASE_STRIP = NO;
				DEBUG_INFORMATION_FORMAT = "dwarf-with-dsym";
				ENABLE_NS_ASSERTIONS = NO;
				ENABLE_STRICT_OBJC_MSGSEND = YES;
				GCC_C_LANGUAGE_STANDARD = gnu11;
				GCC_NO_COMMON_BLOCKS = YES;
				GCC_WARN_64_TO_32_BIT_CONVERSION = YES;
				GCC_WARN_ABOUT_RETURN_TYPE = YES_ERROR;
				GCC_WARN_UNDECLARED_SELECTOR = YES;
				GCC_WARN_UNINITIALIZED_AUTOS = YES_AGGRESSIVE;
				GCC_WARN_UNUSED_FUNCTION = YES;
				GCC_WARN_UNUSED_VARIABLE = YES;
				IPHONEOS_DEPLOYMENT_TARGET = 12.1;
				MTL_ENABLE_DEBUG_INFO = NO;
				MTL_FAST_MATH = YES;
				SDKROOT = iphoneos;
				SWIFT_COMPILATION_MODE = wholemodule;
				SWIFT_OPTIMIZATION_LEVEL = "-O";
				VALIDATE_PRODUCT = YES;
			};
			name = Release;
		};
		0D0480C92284696D000A2399 /* Debug */ = {
			isa = XCBuildConfiguration;
			buildSettings = {
				ASSETCATALOG_COMPILER_COMPLICATION_NAME = Complication;
				CODE_SIGN_STYLE = Automatic;
				INFOPLIST_FILE = "Watchill WatchKit Extension/Info.plist";
				LD_RUNPATH_SEARCH_PATHS = (
					"$(inherited)",
					"@executable_path/Frameworks",
					"@executable_path/../../Frameworks",
				);
				PRODUCT_BUNDLE_IDENTIFIER = br.ufpe.cin.Watchill.watchkitapp.watchkitextension;
				PRODUCT_NAME = "${TARGET_NAME}";
				SDKROOT = watchos;
				SKIP_INSTALL = YES;
				SWIFT_VERSION = 4.2;
				TARGETED_DEVICE_FAMILY = 4;
				WATCHOS_DEPLOYMENT_TARGET = 5.1;
			};
			name = Debug;
		};
		0D0480CA2284696D000A2399 /* Release */ = {
			isa = XCBuildConfiguration;
			buildSettings = {
				ASSETCATALOG_COMPILER_COMPLICATION_NAME = Complication;
				CODE_SIGN_STYLE = Automatic;
				INFOPLIST_FILE = "Watchill WatchKit Extension/Info.plist";
				LD_RUNPATH_SEARCH_PATHS = (
					"$(inherited)",
					"@executable_path/Frameworks",
					"@executable_path/../../Frameworks",
				);
				PRODUCT_BUNDLE_IDENTIFIER = br.ufpe.cin.Watchill.watchkitapp.watchkitextension;
				PRODUCT_NAME = "${TARGET_NAME}";
				SDKROOT = watchos;
				SKIP_INSTALL = YES;
				SWIFT_VERSION = 4.2;
				TARGETED_DEVICE_FAMILY = 4;
				WATCHOS_DEPLOYMENT_TARGET = 5.1;
			};
			name = Release;
		};
		0D0480CD2284696D000A2399 /* Debug */ = {
			isa = XCBuildConfiguration;
			buildSettings = {
				ALWAYS_EMBED_SWIFT_STANDARD_LIBRARIES = YES;
				ASSETCATALOG_COMPILER_APPICON_NAME = AppIcon;
				CODE_SIGN_STYLE = Automatic;
				IBSC_MODULE = Watchill_WatchKit_Extension;
				INFOPLIST_FILE = "Watchill WatchKit App/Info.plist";
				PRODUCT_BUNDLE_IDENTIFIER = br.ufpe.cin.Watchill.watchkitapp;
				PRODUCT_NAME = "$(TARGET_NAME)";
				SDKROOT = watchos;
				SKIP_INSTALL = YES;
				SWIFT_VERSION = 4.2;
				TARGETED_DEVICE_FAMILY = 4;
				WATCHOS_DEPLOYMENT_TARGET = 5.1;
			};
			name = Debug;
		};
		0D0480CE2284696D000A2399 /* Release */ = {
			isa = XCBuildConfiguration;
			buildSettings = {
				ALWAYS_EMBED_SWIFT_STANDARD_LIBRARIES = YES;
				ASSETCATALOG_COMPILER_APPICON_NAME = AppIcon;
				CODE_SIGN_STYLE = Automatic;
				IBSC_MODULE = Watchill_WatchKit_Extension;
				INFOPLIST_FILE = "Watchill WatchKit App/Info.plist";
				PRODUCT_BUNDLE_IDENTIFIER = br.ufpe.cin.Watchill.watchkitapp;
				PRODUCT_NAME = "$(TARGET_NAME)";
				SDKROOT = watchos;
				SKIP_INSTALL = YES;
				SWIFT_VERSION = 4.2;
				TARGETED_DEVICE_FAMILY = 4;
				WATCHOS_DEPLOYMENT_TARGET = 5.1;
			};
			name = Release;
		};
		0D0480D12284696D000A2399 /* Debug */ = {
			isa = XCBuildConfiguration;
			buildSettings = {
				ASSETCATALOG_COMPILER_APPICON_NAME = AppIcon;
				CODE_SIGN_STYLE = Automatic;
				INFOPLIST_FILE = Watchill/Info.plist;
				LD_RUNPATH_SEARCH_PATHS = (
					"$(inherited)",
					"@executable_path/Frameworks",
				);
				PRODUCT_BUNDLE_IDENTIFIER = br.ufpe.cin.Watchill;
				PRODUCT_NAME = "$(TARGET_NAME)";
				SWIFT_VERSION = 4.2;
				TARGETED_DEVICE_FAMILY = "1,2";
			};
			name = Debug;
		};
		0D0480D22284696D000A2399 /* Release */ = {
			isa = XCBuildConfiguration;
			buildSettings = {
				ASSETCATALOG_COMPILER_APPICON_NAME = AppIcon;
				CODE_SIGN_STYLE = Automatic;
				INFOPLIST_FILE = Watchill/Info.plist;
				LD_RUNPATH_SEARCH_PATHS = (
					"$(inherited)",
					"@executable_path/Frameworks",
				);
				PRODUCT_BUNDLE_IDENTIFIER = br.ufpe.cin.Watchill;
				PRODUCT_NAME = "$(TARGET_NAME)";
				SWIFT_VERSION = 4.2;
				TARGETED_DEVICE_FAMILY = "1,2";
			};
			name = Release;
		};
/* End XCBuildConfiguration section */

/* Begin XCConfigurationList section */
		0D0480942284696B000A2399 /* Build configuration list for PBXProject "Watchill" */ = {
			isa = XCConfigurationList;
			buildConfigurations = (
				0D0480C62284696D000A2399 /* Debug */,
				0D0480C72284696D000A2399 /* Release */,
			);
			defaultConfigurationIsVisible = 0;
			defaultConfigurationName = Release;
		};
		0D0480C82284696D000A2399 /* Build configuration list for PBXNativeTarget "Watchill WatchKit Extension" */ = {
			isa = XCConfigurationList;
			buildConfigurations = (
				0D0480C92284696D000A2399 /* Debug */,
				0D0480CA2284696D000A2399 /* Release */,
			);
			defaultConfigurationIsVisible = 0;
			defaultConfigurationName = Release;
		};
		0D0480CC2284696D000A2399 /* Build configuration list for PBXNativeTarget "Watchill WatchKit App" */ = {
			isa = XCConfigurationList;
			buildConfigurations = (
				0D0480CD2284696D000A2399 /* Debug */,
				0D0480CE2284696D000A2399 /* Release */,
			);
			defaultConfigurationIsVisible = 0;
			defaultConfigurationName = Release;
		};
		0D0480D02284696D000A2399 /* Build configuration list for PBXNativeTarget "Watchill" */ = {
			isa = XCConfigurationList;
			buildConfigurations = (
				0D0480D12284696D000A2399 /* Debug */,
				0D0480D22284696D000A2399 /* Release */,
			);
			defaultConfigurationIsVisible = 0;
			defaultConfigurationName = Release;
		};
/* End XCConfigurationList section */
	};
	rootObject = 0D0480912284696B000A2399 /* Project object */;
}
